
Microsoft Visual Studio Solution File, Format Version 12.00
# Visual Studio Version 16
VisualStudioVersion = 16.0.30413.136
MinimumVisualStudioVersion = 10.0.40219.1
Project("{FAE04EC0-301F-11D3-BF4B-00C04F79EFBC}") = "CiselneSoustavy", "CiselneSoustavy.csproj", "{97509680-6AB5-4DF9-B2A1-B15F1FA475DA}"
EndProject
Global
	GlobalSection(SolutionConfigurationPlatforms) = preSolution
		Debug|Any CPU = Debug|Any CPU
		Release|Any CPU = Release|Any CPU
	EndGlobalSection
	GlobalSection(ProjectConfigurationPlatforms) = postSolution
		{97509680-6AB5-4DF9-B2A1-B15F1FA475DA}.Debug|Any CPU.ActiveCfg = Debug|Any CPU
		{97509680-6AB5-4DF9-B2A1-B15F1FA475DA}.Debug|Any CPU.Build.0 = Debug|Any CPU
		{97509680-6AB5-4DF9-B2A1-B15F1FA475DA}.Release|Any CPU.ActiveCfg = Release|Any CPU
		{97509680-6AB5-4DF9-B2A1-B15F1FA475DA}.Release|Any CPU.Build.0 = Release|Any CPU
	EndGlobalSection
	GlobalSection(SolutionProperties) = preSolution
		HideSolutionNode = FALSE
	EndGlobalSection
	GlobalSection(ExtensibilityGlobals) = postSolution
		SolutionGuid = {892499CE-B36A-40CA-9DAE-AC763182B71C}
	EndGlobalSection
EndGlobal
